
Microsoft Visual Studio Solution File, Format Version 12.00
# Visual Studio 15
VisualStudioVersion = 15.0.26430.14
MinimumVisualStudioVersion = 10.0.40219.1
Project("{FAE04EC0-301F-11D3-BF4B-00C04F79EFBC}") = "TrayKeyIndicatorProto", "TrayKeyIndicator\TrayKeyIndicatorProto.csproj", "{7FA44455-6E31-4006-8330-05A98115CA61}"
EndProject
Project("{FAE04EC0-301F-11D3-BF4B-00C04F79EFBC}") = "TrayKeyIndicatorCore", "TrayKeyIndicatorCore\TrayKeyIndicatorCore.csproj", "{F4845340-69D2-419E-9531-969AD873350E}"
EndProject
Project("{FAE04EC0-301F-11D3-BF4B-00C04F79EFBC}") = "TrayNumLockIndicator", "TrayNumLockIndicator\TrayNumLockIndicator.csproj", "{30747CAB-23E1-4DCD-9B0E-A1DBB1A285D8}"
EndProject
Project("{FAE04EC0-301F-11D3-BF4B-00C04F79EFBC}") = "PL.Logger", "PL.Common\Logger\PL.Logger.csproj", "{EC4D9E5B-B1A1-49EB-A7DB-49FE70E12906}"
EndProject
Global
	GlobalSection(SolutionConfigurationPlatforms) = preSolution
		Debug|Any CPU = Debug|Any CPU
		Release|Any CPU = Release|Any CPU
	EndGlobalSection
	GlobalSection(ProjectConfigurationPlatforms) = postSolution
		{7FA44455-6E31-4006-8330-05A98115CA61}.Debug|Any CPU.ActiveCfg = Debug|Any CPU
		{7FA44455-6E31-4006-8330-05A98115CA61}.Debug|Any CPU.Build.0 = Debug|Any CPU
		{7FA44455-6E31-4006-8330-05A98115CA61}.Release|Any CPU.ActiveCfg = Release|Any CPU
		{7FA44455-6E31-4006-8330-05A98115CA61}.Release|Any CPU.Build.0 = Release|Any CPU
		{F4845340-69D2-419E-9531-969AD873350E}.Debug|Any CPU.ActiveCfg = Debug|Any CPU
		{F4845340-69D2-419E-9531-969AD873350E}.Debug|Any CPU.Build.0 = Debug|Any CPU
		{F4845340-69D2-419E-9531-969AD873350E}.Release|Any CPU.ActiveCfg = Release|Any CPU
		{F4845340-69D2-419E-9531-969AD873350E}.Release|Any CPU.Build.0 = Release|Any CPU
		{30747CAB-23E1-4DCD-9B0E-A1DBB1A285D8}.Debug|Any CPU.ActiveCfg = Debug|Any CPU
		{30747CAB-23E1-4DCD-9B0E-A1DBB1A285D8}.Debug|Any CPU.Build.0 = Debug|Any CPU
		{30747CAB-23E1-4DCD-9B0E-A1DBB1A285D8}.Release|Any CPU.ActiveCfg = Release|Any CPU
		{30747CAB-23E1-4DCD-9B0E-A1DBB1A285D8}.Release|Any CPU.Build.0 = Release|Any CPU
		{EC4D9E5B-B1A1-49EB-A7DB-49FE70E12906}.Debug|Any CPU.ActiveCfg = Debug|Any CPU
		{EC4D9E5B-B1A1-49EB-A7DB-49FE70E12906}.Debug|Any CPU.Build.0 = Debug|Any CPU
		{EC4D9E5B-B1A1-49EB-A7DB-49FE70E12906}.Release|Any CPU.ActiveCfg = Release|Any CPU
		{EC4D9E5B-B1A1-49EB-A7DB-49FE70E12906}.Release|Any CPU.Build.0 = Release|Any CPU
	EndGlobalSection
	GlobalSection(SolutionProperties) = preSolution
		HideSolutionNode = FALSE
	EndGlobalSection
EndGlobal
